
Microsoft Visual Studio Solution File, Format Version 12.00
Project("{FAE04EC0-301F-11D3-BF4B-00C04F79EFBC}") = "WebAPI", "src\WebAPI\WebAPI.csproj", "{A5E31547-D4DA-45DE-A9C1-EC5FFBAC6D30}"
EndProject
Project("{FAE04EC0-301F-11D3-BF4B-00C04F79EFBC}") = "Domain", "src\Domain\Domain.csproj", "{238D4ADB-857E-49B4-A921-4D38947144F5}"
EndProject
Project("{FAE04EC0-301F-11D3-BF4B-00C04F79EFBC}") = "Infrastructure", "src\Infrastructure\Infrastructure.csproj", "{1E6F6163-67AB-44D9-B1C8-3012403CA3E7}"
EndProject
Global
	GlobalSection(SolutionConfigurationPlatforms) = preSolution
		Debug|Any CPU = Debug|Any CPU
		Release|Any CPU = Release|Any CPU
	EndGlobalSection
	GlobalSection(ProjectConfigurationPlatforms) = postSolution
		{A5E31547-D4DA-45DE-A9C1-EC5FFBAC6D30}.Debug|Any CPU.ActiveCfg = Debug|Any CPU
		{A5E31547-D4DA-45DE-A9C1-EC5FFBAC6D30}.Debug|Any CPU.Build.0 = Debug|Any CPU
		{A5E31547-D4DA-45DE-A9C1-EC5FFBAC6D30}.Release|Any CPU.ActiveCfg = Release|Any CPU
		{A5E31547-D4DA-45DE-A9C1-EC5FFBAC6D30}.Release|Any CPU.Build.0 = Release|Any CPU
		{238D4ADB-857E-49B4-A921-4D38947144F5}.Debug|Any CPU.ActiveCfg = Debug|Any CPU
		{238D4ADB-857E-49B4-A921-4D38947144F5}.Debug|Any CPU.Build.0 = Debug|Any CPU
		{238D4ADB-857E-49B4-A921-4D38947144F5}.Release|Any CPU.ActiveCfg = Release|Any CPU
		{238D4ADB-857E-49B4-A921-4D38947144F5}.Release|Any CPU.Build.0 = Release|Any CPU
		{1E6F6163-67AB-44D9-B1C8-3012403CA3E7}.Debug|Any CPU.ActiveCfg = Debug|Any CPU
		{1E6F6163-67AB-44D9-B1C8-3012403CA3E7}.Debug|Any CPU.Build.0 = Debug|Any CPU
		{1E6F6163-67AB-44D9-B1C8-3012403CA3E7}.Release|Any CPU.ActiveCfg = Release|Any CPU
		{1E6F6163-67AB-44D9-B1C8-3012403CA3E7}.Release|Any CPU.Build.0 = Release|Any CPU
	EndGlobalSection
EndGlobal
